Microsoft Visual Studio Solution File, Format Version 12.00
# Visual Studio Version 17
VisualStudioVersion = 17.5.2.0
MinimumVisualStudioVersion = 10.0.40219.1
Project("{FAE04EC0-301F-11D3-BF4B-00C04F79EFBC}") = "Gungi.Front", "Gungi.Front.csproj", "{6AD5B87D-9FCD-99DD-8BC1-CBE05C18202B}"
EndProject
Global
	GlobalSection(SolutionConfigurationPlatforms) = preSolution
		Debug|Any CPU = Debug|Any CPU
		Release|Any CPU = Release|Any CPU
	EndGlobalSection
	GlobalSection(ProjectConfigurationPlatforms) = postSolution
		{6AD5B87D-9FCD-99DD-8BC1-CBE05C18202B}.Debug|Any CPU.ActiveCfg = Debug|Any CPU
		{6AD5B87D-9FCD-99DD-8BC1-CBE05C18202B}.Debug|Any CPU.Build.0 = Debug|Any CPU
		{6AD5B87D-9FCD-99DD-8BC1-CBE05C18202B}.Release|Any CPU.ActiveCfg = Release|Any CPU
		{6AD5B87D-9FCD-99DD-8BC1-CBE05C18202B}.Release|Any CPU.Build.0 = Release|Any CPU
	EndGlobalSection
	GlobalSection(SolutionProperties) = preSolution
		HideSolutionNode = FALSE
	EndGlobalSection
	GlobalSection(ExtensibilityGlobals) = postSolution
		SolutionGuid = {12B62DBE-AA77-421E-A027-93E9A9923F4E}
	EndGlobalSection
EndGlobal
